// !$*UTF8*$!
{
	archiveVersion = 1;
	classes = {
	};
	objectVersion = 46;
	objects = {

/* Begin PBXBuildFile section */
		54CC9A541E0244FF00068278 /* PageTitleView.swift in Sources */ = {isa = PBXBuildFile; fileRef = 54CC9A531E0244FF00068278 /* PageTitleView.swift */; };
		54CC9A561E0247CF00068278 /* Common.swift in Sources */ = {isa = PBXBuildFile; fileRef = 54CC9A551E0247CF00068278 /* Common.swift */; };
		54CC9A581E02787900068278 /* PageContentView.swift in Sources */ = {isa = PBXBuildFile; fileRef = 54CC9A571E02787900068278 /* PageContentView.swift */; };
		54DB70B31E01650000D8AC39 /* AppDelegate.swift in Sources */ = {isa = PBXBuildFile; fileRef = 54DB70B21E01650000D8AC39 /* AppDelegate.swift */; };
		54DB70B81E01650000D8AC39 /* Main.storyboard in Resources */ = {isa = PBXBuildFile; fileRef = 54DB70B61E01650000D8AC39 /* Main.storyboard */; };
		54DB70BA1E01650000D8AC39 /* Assets.xcassets in Resources */ = {isa = PBXBuildFile; fileRef = 54DB70B91E01650000D8AC39 /* Assets.xcassets */; };
		54DB70BD1E01650000D8AC39 /* LaunchScreen.storyboard in Resources */ = {isa = PBXBuildFile; fileRef = 54DB70BB1E01650000D8AC39 /* LaunchScreen.storyboard */; };
		54DB70CD1E017ADE00D8AC39 /* Home.storyboard in Resources */ = {isa = PBXBuildFile; fileRef = 54DB70CB1E017ADE00D8AC39 /* Home.storyboard */; };
		54DB70D01E017B1100D8AC39 /* Live.storyboard in Resources */ = {isa = PBXBuildFile; fileRef = 54DB70CE1E017B1100D8AC39 /* Live.storyboard */; };
		54DB70D31E017B4000D8AC39 /* Follow.storyboard in Resources */ = {isa = PBXBuildFile; fileRef = 54DB70D11E017B4000D8AC39 /* Follow.storyboard */; };
		54DB70D61E017B5400D8AC39 /* Profile.storyboard in Resources */ = {isa = PBXBuildFile; fileRef = 54DB70D41E017B5400D8AC39 /* Profile.storyboard */; };
		54DB70DD1E0190AE00D8AC39 /* MainTabBarViewController.swift in Sources */ = {isa = PBXBuildFile; fileRef = 54DB70DA1E0190AE00D8AC39 /* MainTabBarViewController.swift */; };
		54DB70EB1E01911D00D8AC39 /* HomeNavViewController.swift in Sources */ = {isa = PBXBuildFile; fileRef = 54DB70EA1E01911D00D8AC39 /* HomeNavViewController.swift */; };
		54DB70EE1E0192D700D8AC39 /* UIBarButtonItem+extension.swift in Sources */ = {isa = PBXBuildFile; fileRef = 54DB70ED1E0192D700D8AC39 /* UIBarButtonItem+extension.swift */; };
/* End PBXBuildFile section */

/* Begin PBXFileReference section */
		54CC9A531E0244FF00068278 /* PageTitleView.swift */ = {isa = PBXFileReference; fileEncoding = 4; lastKnownFileType = sourcecode.swift; path = PageTitleView.swift; sourceTree = "<group>"; };
		54CC9A551E0247CF00068278 /* Common.swift */ = {isa = PBXFileReference; fileEncoding = 4; lastKnownFileType = sourcecode.swift; path = Common.swift; sourceTree = "<group>"; };
		54CC9A571E02787900068278 /* PageContentView.swift */ = {isa = PBXFileReference; fileEncoding = 4; lastKnownFileType = sourcecode.swift; path = PageContentView.swift; sourceTree = "<group>"; };
		54DB70AF1E01650000D8AC39 /* DouYu.app */ = {isa = PBXFileReference; explicitFileType = wrapper.application; includeInIndex = 0; path = DouYu.app; sourceTree = BUILT_PRODUCTS_DIR; };
		54DB70B21E01650000D8AC39 /* AppDelegate.swift */ = {isa = PBXFileReference; lastKnownFileType = sourcecode.swift; path = AppDelegate.swift; sourceTree = "<group>"; };
		54DB70B71E01650000D8AC39 /* Base */ = {isa = PBXFileReference; lastKnownFileType = file.storyboard; name = Base; path = Base.lproj/Main.storyboard; sourceTree = "<group>"; };
		54DB70B91E01650000D8AC39 /* Assets.xcassets */ = {isa = PBXFileReference; lastKnownFileType = folder.assetcatalog; path = Assets.xcassets; sourceTree = "<group>"; };
		54DB70BC1E01650000D8AC39 /* Base */ = {isa = PBXFileReference; lastKnownFileType = file.storyboard; name = Base; path = Base.lproj/LaunchScreen.storyboard; sourceTree = "<group>"; };
		54DB70BE1E01650000D8AC39 /* Info.plist */ = {isa = PBXFileReference; lastKnownFileType = text.plist.xml; path = Info.plist; sourceTree = "<group>"; };
		54DB70CC1E017ADE00D8AC39 /* Base */ = {isa = PBXFileReference; lastKnownFileType = file.storyboard; name = Base; path = DouYu/Base.lproj/Home.storyboard; sourceTree = "<group>"; };
		54DB70CF1E017B1100D8AC39 /* Base */ = {isa = PBXFileReference; lastKnownFileType = file.storyboard; name = Base; path = DouYu/Base.lproj/Live.storyboard; sourceTree = SOURCE_ROOT; };
		54DB70D21E017B4000D8AC39 /* Base */ = {isa = PBXFileReference; lastKnownFileType = file.storyboard; name = Base; path = DouYu/Base.lproj/Follow.storyboard; sourceTree = SOURCE_ROOT; };
		54DB70D51E017B5400D8AC39 /* Base */ = {isa = PBXFileReference; lastKnownFileType = file.storyboard; name = Base; path = DouYu/Base.lproj/Profile.storyboard; sourceTree = SOURCE_ROOT; };
		54DB70DA1E0190AE00D8AC39 /* MainTabBarViewController.swift */ = {isa = PBXFileReference; fileEncoding = 4; lastKnownFileType = sourcecode.swift; path = MainTabBarViewController.swift; sourceTree = "<group>"; };
		54DB70EA1E01911D00D8AC39 /* HomeNavViewController.swift */ = {isa = PBXFileReference; fileEncoding = 4; lastKnownFileType = sourcecode.swift; path = HomeNavViewController.swift; sourceTree = "<group>"; };
		54DB70ED1E0192D700D8AC39 /* UIBarButtonItem+extension.swift */ = {isa = PBXFileReference; fileEncoding = 4; lastKnownFileType = sourcecode.swift; path = "UIBarButtonItem+extension.swift"; sourceTree = "<group>"; };
/* End PBXFileReference section */

/* Begin PBXFrameworksBuildPhase section */
		54DB70AC1E01650000D8AC39 /* Frameworks */ = {
			isa = PBXFrameworksBuildPhase;
			buildActionMask = 2147483647;
			files = (
			);
			runOnlyForDeploymentPostprocessing = 0;
		};
/* End PBXFrameworksBuildPhase section */

/* Begin PBXGroup section */
		54DB70A61E01650000D8AC39 = {
			isa = PBXGroup;
			children = (
				54DB70B11E01650000D8AC39 /* DouYu */,
				54DB70B01E01650000D8AC39 /* Products */,
			);
			sourceTree = "<group>";
		};
		54DB70B01E01650000D8AC39 /* Products */ = {
			isa = PBXGroup;
			children = (
				54DB70AF1E01650000D8AC39 /* DouYu.app */,
			);
			name = Products;
			sourceTree = "<group>";
		};
		54DB70B11E01650000D8AC39 /* DouYu */ = {
			isa = PBXGroup;
			children = (
				54DB70C41E01703D00D8AC39 /* Classes */,
				54DB70B21E01650000D8AC39 /* AppDelegate.swift */,
				54DB70B91E01650000D8AC39 /* Assets.xcassets */,
				54DB70BB1E01650000D8AC39 /* LaunchScreen.storyboard */,
				54DB70BE1E01650000D8AC39 /* Info.plist */,
			);
			path = DouYu;
			sourceTree = "<group>";
		};
		54DB70C41E01703D00D8AC39 /* Classes */ = {
			isa = PBXGroup;
			children = (
				54DB70C81E01703D00D8AC39 /* Main */,
				54DB70C61E01703D00D8AC39 /* Home */,
				54DB70C71E01703D00D8AC39 /* Live */,
				54DB70C51E01703D00D8AC39 /* Follow */,
				54DB70C91E01703D00D8AC39 /* Profile */,
				54DB70CA1E01703D00D8AC39 /* Tools */,
			);
			path = Classes;
			sourceTree = "<group>";
		};
		54DB70C51E01703D00D8AC39 /* Follow */ = {
			isa = PBXGroup;
			children = (
				54DB70E71E0190D800D8AC39 /* controller */,
				54DB70E81E0190D800D8AC39 /* model */,
				54DB70E91E0190D800D8AC39 /* view */,
				54DB70D11E017B4000D8AC39 /* Follow.storyboard */,
			);
			path = Follow;
			sourceTree = "<group>";
		};
		54DB70C61E01703D00D8AC39 /* Home */ = {
			isa = PBXGroup;
			children = (
				54DB70DE1E0190BA00D8AC39 /* controller */,
				54DB70E01E0190BA00D8AC39 /* view */,
			);
			path = Home;
			sourceTree = "<group>";
		};
		54DB70C71E01703D00D8AC39 /* Live */ = {
			isa = PBXGroup;
			children = (
				54DB70E11E0190C200D8AC39 /* controller */,
				54DB70E21E0190C200D8AC39 /* model */,
				54DB70E31E0190C200D8AC39 /* view */,
				54DB70CE1E017B1100D8AC39 /* Live.storyboard */,
			);
			path = Live;
			sourceTree = "<group>";
		};
		54DB70C81E01703D00D8AC39 /* Main */ = {
			isa = PBXGroup;
			children = (
				54DB70D91E0190AE00D8AC39 /* controller */,
				54DB70DB1E0190AE00D8AC39 /* model */,
				54DB70DC1E0190AE00D8AC39 /* view */,
				54DB70B61E01650000D8AC39 /* Main.storyboard */,
			);
			path = Main;
			sourceTree = "<group>";
		};
		54DB70C91E01703D00D8AC39 /* Profile */ = {
			isa = PBXGroup;
			children = (
				54DB70E41E0190CE00D8AC39 /* controller */,
				54DB70E51E0190CE00D8AC39 /* model */,
				54DB70E61E0190CE00D8AC39 /* view */,
				54DB70D41E017B5400D8AC39 /* Profile.storyboard */,
			);
			path = Profile;
			sourceTree = "<group>";
		};
		54DB70CA1E01703D00D8AC39 /* Tools */ = {
			isa = PBXGroup;
			children = (
				54DB70EC1E01925000D8AC39 /* Extension */,
				54CC9A551E0247CF00068278 /* Common.swift */,
			);
			path = Tools;
			sourceTree = "<group>";
		};
		54DB70D91E0190AE00D8AC39 /* controller */ = {
			isa = PBXGroup;
			children = (
				54DB70DA1E0190AE00D8AC39 /* MainTabBarViewController.swift */,
			);
			path = controller;
			sourceTree = "<group>";
		};
		54DB70DB1E0190AE00D8AC39 /* model */ = {
			isa = PBXGroup;
			children = (
			);
			path = model;
			sourceTree = "<group>";
		};
		54DB70DC1E0190AE00D8AC39 /* view */ = {
			isa = PBXGroup;
			children = (
				54CC9A531E0244FF00068278 /* PageTitleView.swift */,
				54CC9A571E02787900068278 /* PageContentView.swift */,
			);
			path = view;
			sourceTree = "<group>";
		};
		54DB70DE1E0190BA00D8AC39 /* controller */ = {
			isa = PBXGroup;
			children = (
				54DB70CB1E017ADE00D8AC39 /* Home.storyboard */,
				54DB70EA1E01911D00D8AC39 /* HomeNavViewController.swift */,
				54DB70DF1E0190BA00D8AC39 /* model */,
			);
			path = controller;
			sourceTree = "<group>";
		};
		54DB70DF1E0190BA00D8AC39 /* model */ = {
			isa = PBXGroup;
			children = (
			);
			name = model;
			path = ../model;
			sourceTree = "<group>";
		};
		54DB70E01E0190BA00D8AC39 /* view */ = {
			isa = PBXGroup;
			children = (
			);
			path = view;
			sourceTree = "<group>";
		};
		54DB70E11E0190C200D8AC39 /* controller */ = {
			isa = PBXGroup;
			children = (
			);
			path = controller;
			sourceTree = "<group>";
		};
		54DB70E21E0190C200D8AC39 /* model */ = {
			isa = PBXGroup;
			children = (
			);
			path = model;
			sourceTree = "<group>";
		};
		54DB70E31E0190C200D8AC39 /* view */ = {
			isa = PBXGroup;
			children = (
			);
			path = view;
			sourceTree = "<group>";
		};
		54DB70E41E0190CE00D8AC39 /* controller */ = {
			isa = PBXGroup;
			children = (
			);
			path = controller;
			sourceTree = "<group>";
		};
		54DB70E51E0190CE00D8AC39 /* model */ = {
			isa = PBXGroup;
			children = (
			);
			path = model;
			sourceTree = "<group>";
		};
		54DB70E61E0190CE00D8AC39 /* view */ = {
			isa = PBXGroup;
			children = (
			);
			path = view;
			sourceTree = "<group>";
		};
		54DB70E71E0190D800D8AC39 /* controller */ = {
			isa = PBXGroup;
			children = (
			);
			path = controller;
			sourceTree = "<group>";
		};
		54DB70E81E0190D800D8AC39 /* model */ = {
			isa = PBXGroup;
			children = (
			);
			path = model;
			sourceTree = "<group>";
		};
		54DB70E91E0190D800D8AC39 /* view */ = {
			isa = PBXGroup;
			children = (
			);
			path = view;
			sourceTree = "<group>";
		};
		54DB70EC1E01925000D8AC39 /* Extension */ = {
			isa = PBXGroup;
			children = (
				54DB70ED1E0192D700D8AC39 /* UIBarButtonItem+extension.swift */,
			);
			path = Extension;
			sourceTree = "<group>";
		};
/* End PBXGroup section */

/* Begin PBXNativeTarget section */
		54DB70AE1E01650000D8AC39 /* DouYu */ = {
			isa = PBXNativeTarget;
			buildConfigurationList = 54DB70C11E01650000D8AC39 /* Build configuration list for PBXNativeTarget "DouYu" */;
			buildPhases = (
				54DB70AB1E01650000D8AC39 /* Sources */,
				54DB70AC1E01650000D8AC39 /* Frameworks */,
				54DB70AD1E01650000D8AC39 /* Resources */,
			);
			buildRules = (
			);
			dependencies = (
			);
			name = DouYu;
			productName = DouYu;
			productReference = 54DB70AF1E01650000D8AC39 /* DouYu.app */;
			productType = "com.apple.product-type.application";
		};
/* End PBXNativeTarget section */

/* Begin PBXProject section */
		54DB70A71E01650000D8AC39 /* Project object */ = {
			isa = PBXProject;
			attributes = {
				LastSwiftUpdateCheck = 0810;
				LastUpgradeCheck = 0810;
				ORGANIZATIONNAME = LBF;
				TargetAttributes = {
					54DB70AE1E01650000D8AC39 = {
						CreatedOnToolsVersion = 8.1;
						ProvisioningStyle = Automatic;
					};
				};
			};
			buildConfigurationList = 54DB70AA1E01650000D8AC39 /* Build configuration list for PBXProject "DouYu" */;
			compatibilityVersion = "Xcode 3.2";
			developmentRegion = English;
			hasScannedForEncodings = 0;
			knownRegions = (
				en,
				Base,
			);
			mainGroup = 54DB70A61E01650000D8AC39;
			productRefGroup = 54DB70B01E01650000D8AC39 /* Products */;
			projectDirPath = "";
			projectRoot = "";
			targets = (
				54DB70AE1E01650000D8AC39 /* DouYu */,
			);
		};
/* End PBXProject section */

/* Begin PBXResourcesBuildPhase section */
		54DB70AD1E01650000D8AC39 /* Resources */ = {
			isa = PBXResourcesBuildPhase;
			buildActionMask = 2147483647;
			files = (
				54DB70BD1E01650000D8AC39 /* LaunchScreen.storyboard in Resources */,
				54DB70BA1E01650000D8AC39 /* Assets.xcassets in Resources */,
				54DB70B81E01650000D8AC39 /* Main.storyboard in Resources */,
				54DB70D01E017B1100D8AC39 /* Live.storyboard in Resources */,
				54DB70CD1E017ADE00D8AC39 /* Home.storyboard in Resources */,
				54DB70D61E017B5400D8AC39 /* Profile.storyboard in Resources */,
				54DB70D31E017B4000D8AC39 /* Follow.storyboard in Resources */,
			);
			runOnlyForDeploymentPostprocessing = 0;
		};
/* End PBXResourcesBuildPhase section */

/* Begin PBXSourcesBuildPhase section */
		54DB70AB1E01650000D8AC39 /* Sources */ = {
			isa = PBXSourcesBuildPhase;
			buildActionMask = 2147483647;
			files = (
				54DB70EE1E0192D700D8AC39 /* UIBarButtonItem+extension.swift in Sources */,
				54DB70B31E01650000D8AC39 /* AppDelegate.swift in Sources */,
				54CC9A541E0244FF00068278 /* PageTitleView.swift in Sources */,
				54CC9A581E02787900068278 /* PageContentView.swift in Sources */,
				54DB70EB1E01911D00D8AC39 /* HomeNavViewController.swift in Sources */,
				54CC9A561E0247CF00068278 /* Common.swift in Sources */,
				54DB70DD1E0190AE00D8AC39 /* MainTabBarViewController.swift in Sources */,
			);
			runOnlyForDeploymentPostprocessing = 0;
		};
/* End PBXSourcesBuildPhase section */

/* Begin PBXVariantGroup section */
		54DB70B61E01650000D8AC39 /* Main.storyboard */ = {
			isa = PBXVariantGroup;
			children = (
				54DB70B71E01650000D8AC39 /* Base */,
			);
			name = Main.storyboard;
			path = ../..;
			sourceTree = "<group>";
		};
		54DB70BB1E01650000D8AC39 /* LaunchScreen.storyboard */ = {
			isa = PBXVariantGroup;
			children = (
				54DB70BC1E01650000D8AC39 /* Base */,
			);
			name = LaunchScreen.storyboard;
			sourceTree = "<group>";
		};
		54DB70CB1E017ADE00D8AC39 /* Home.storyboard */ = {
			isa = PBXVariantGroup;
			children = (
				54DB70CC1E017ADE00D8AC39 /* Base */,
			);
			name = Home.storyboard;
			path = ../../../..;
			sourceTree = "<group>";
		};
		54DB70CE1E017B1100D8AC39 /* Live.storyboard */ = {
			isa = PBXVariantGroup;
			children = (
				54DB70CF1E017B1100D8AC39 /* Base */,
			);
			name = Live.storyboard;
			path = ../Main;
			sourceTree = "<group>";
		};
		54DB70D11E017B4000D8AC39 /* Follow.storyboard */ = {
			isa = PBXVariantGroup;
			children = (
				54DB70D21E017B4000D8AC39 /* Base */,
			);
			name = Follow.storyboard;
			path = ../Main;
			sourceTree = "<group>";
		};
		54DB70D41E017B5400D8AC39 /* Profile.storyboard */ = {
			isa = PBXVariantGroup;
			children = (
				54DB70D51E017B5400D8AC39 /* Base */,
			);
			name = Profile.storyboard;
			path = ../Main;
			sourceTree = "<group>";
		};
/* End PBXVariantGroup section */

/* Begin XCBuildConfiguration section */
		54DB70BF1E01650000D8AC39 /* Debug */ = {
			isa = XCBuildConfiguration;
			buildSettings = {
				ALWAYS_SEARCH_USER_PATHS = NO;
				CLANG_ANALYZER_NONNULL = YES;
				CLANG_CXX_LANGUAGE_STANDARD = "gnu++0x";
				CLANG_CXX_LIBRARY = "libc++";
				CLANG_ENABLE_MODULES = YES;
				CLANG_ENABLE_OBJC_ARC = YES;
				CLANG_WARN_BOOL_CONVERSION = YES;
				CLANG_WARN_CONSTANT_CONVERSION = YES;
				CLANG_WARN_DIRECT_OBJC_ISA_USAGE = YES_ERROR;
				CLANG_WARN_DOCUMENTATION_COMMENTS = YES;
				CLANG_WARN_EMPTY_BODY = YES;
				CLANG_WARN_ENUM_CONVERSION = YES;
				CLANG_WARN_INFINITE_RECURSION = YES;
				CLANG_WARN_INT_CONVERSION = YES;
				CLANG_WARN_OBJC_ROOT_CLASS = YES_ERROR;
				CLANG_WARN_SUSPICIOUS_MOVES = YES;
				CLANG_WARN_UNREACHABLE_CODE = YES;
				CLANG_WARN__DUPLICATE_METHOD_MATCH = YES;
				"CODE_SIGN_IDENTITY[sdk=iphoneos*]" = "iPhone Developer";
				COPY_PHASE_STRIP = NO;
				DEBUG_INFORMATION_FORMAT = dwarf;
				ENABLE_STRICT_OBJC_MSGSEND = YES;
				ENABLE_TESTABILITY = YES;
				GCC_C_LANGUAGE_STANDARD = gnu99;
				GCC_DYNAMIC_NO_PIC = NO;
				GCC_NO_COMMON_BLOCKS = YES;
				GCC_OPTIMIZATION_LEVEL = 0;
				GCC_PREPROCESSOR_DEFINITIONS = (
					"DEBUG=1",
					"$(inherited)",
				);
				GCC_WARN_64_TO_32_BIT_CONVERSION = YES;
				GCC_WARN_ABOUT_RETURN_TYPE = YES_ERROR;
				GCC_WARN_UNDECLARED_SELECTOR = YES;
				GCC_WARN_UNINITIALIZED_AUTOS = YES_AGGRESSIVE;
				GCC_WARN_UNUSED_FUNCTION = YES;
				GCC_WARN_UNUSED_VARIABLE = YES;
				IPHONEOS_DEPLOYMENT_TARGET = 10.1;
				MTL_ENABLE_DEBUG_INFO = YES;
				ONLY_ACTIVE_ARCH = YES;
				SDKROOT = iphoneos;
				SWIFT_ACTIVE_COMPILATION_CONDITIONS = DEBUG;
				SWIFT_OPTIMIZATION_LEVEL = "-Onone";
			};
			name = Debug;
		};
		54DB70C01E01650000D8AC39 /* Release */ = {
			isa = XCBuildConfiguration;
			buildSettings = {
				ALWAYS_SEARCH_USER_PATHS = NO;
				CLANG_ANALYZER_NONNULL = YES;
				CLANG_CXX_LANGUAGE_STANDARD = "gnu++0x";
				CLANG_CXX_LIBRARY = "libc++";
				CLANG_ENABLE_MODULES = YES;
				CLANG_ENABLE_OBJC_ARC = YES;
				CLANG_WARN_BOOL_CONVERSION = YES;
				CLANG_WARN_CONSTANT_CONVERSION = YES;
				CLANG_WARN_DIRECT_OBJC_ISA_USAGE = YES_ERROR;
				CLANG_WARN_DOCUMENTATION_COMMENTS = YES;
				CLANG_WARN_EMPTY_BODY = YES;
				CLANG_WARN_ENUM_CONVERSION = YES;
				CLANG_WARN_INFINITE_RECURSION = YES;
				CLANG_WARN_INT_CONVERSION = YES;
				CLANG_WARN_OBJC_ROOT_CLASS = YES_ERROR;
				CLANG_WARN_SUSPICIOUS_MOVES = YES;
				CLANG_WARN_UNREACHABLE_CODE = YES;
				CLANG_WARN__DUPLICATE_METHOD_MATCH = YES;
				"CODE_SIGN_IDENTITY[sdk=iphoneos*]" = "iPhone Developer";
				COPY_PHASE_STRIP = NO;
				DEBUG_INFORMATION_FORMAT = "dwarf-with-dsym";
				ENABLE_NS_ASSERTIONS = NO;
				ENABLE_STRICT_OBJC_MSGSEND = YES;
				GCC_C_LANGUAGE_STANDARD = gnu99;
				GCC_NO_COMMON_BLOCKS = YES;
				GCC_WARN_64_TO_32_BIT_CONVERSION = YES;
				GCC_WARN_ABOUT_RETURN_TYPE = YES_ERROR;
				GCC_WARN_UNDECLARED_SELECTOR = YES;
				GCC_WARN_UNINITIALIZED_AUTOS = YES_AGGRESSIVE;
				GCC_WARN_UNUSED_FUNCTION = YES;
				GCC_WARN_UNUSED_VARIABLE = YES;
				IPHONEOS_DEPLOYMENT_TARGET = 10.1;
				MTL_ENABLE_DEBUG_INFO = NO;
				SDKROOT = iphoneos;
				SWIFT_OPTIMIZATION_LEVEL = "-Owholemodule";
				VALIDATE_PRODUCT = YES;
			};
			name = Release;
		};
		54DB70C21E01650000D8AC39 /* Debug */ = {
			isa = XCBuildConfiguration;
			buildSettings = {
				ASSETCATALOG_COMPILER_APPICON_NAME = AppIcon;
				ASSETCATALOG_COMPILER_LAUNCHIMAGE_NAME = LaunchImage;
				INFOPLIST_FILE = DouYu/Info.plist;
				IPHONEOS_DEPLOYMENT_TARGET = 9.0;
				LD_RUNPATH_SEARCH_PATHS = "$(inherited) @executable_path/Frameworks";
				PRODUCT_BUNDLE_IDENTIFIER = LBF.first.DouYu;
				PRODUCT_NAME = "$(TARGET_NAME)";
				SWIFT_VERSION = 3.0;
			};
			name = Debug;
		};
		54DB70C31E01650000D8AC39 /* Release */ = {
			isa = XCBuildConfiguration;
			buildSettings = {
				ASSETCATALOG_COMPILER_APPICON_NAME = AppIcon;
				ASSETCATALOG_COMPILER_LAUNCHIMAGE_NAME = LaunchImage;
				INFOPLIST_FILE = DouYu/Info.plist;
				IPHONEOS_DEPLOYMENT_TARGET = 9.0;
				LD_RUNPATH_SEARCH_PATHS = "$(inherited) @executable_path/Frameworks";
				PRODUCT_BUNDLE_IDENTIFIER = LBF.first.DouYu;
				PRODUCT_NAME = "$(TARGET_NAME)";
				SWIFT_VERSION = 3.0;
			};
			name = Release;
		};
/* End XCBuildConfiguration section */

/* Begin XCConfigurationList section */
		54DB70AA1E01650000D8AC39 /* Build configuration list for PBXProject "DouYu" */ = {
			isa = XCConfigurationList;
			buildConfigurations = (
				54DB70BF1E01650000D8AC39 /* Debug */,
				54DB70C01E01650000D8AC39 /* Release */,
			);
			defaultConfigurationIsVisible = 0;
			defaultConfigurationName = Release;
		};
		54DB70C11E01650000D8AC39 /* Build configuration list for PBXNativeTarget "DouYu" */ = {
			isa = XCConfigurationList;
			buildConfigurations = (
				54DB70C21E01650000D8AC39 /* Debug */,
				54DB70C31E01650000D8AC39 /* Release */,
			);
			defaultConfigurationIsVisible = 0;
			defaultConfigurationName = Release;
		};
/* End XCConfigurationList section */
	};
	rootObject = 54DB70A71E01650000D8AC39 /* Project object */;
}
